
Microsoft Visual Studio Solution File, Format Version 12.00
# Visual Studio Version 17
VisualStudioVersion = 17.9.34728.123
MinimumVisualStudioVersion = 10.0.40219.1
Project("{FAE04EC0-301F-11D3-BF4B-00C04F79EFBC}") = "TimerBenchmark", "TimerBenchmark\TimerBenchmark.csproj", "{BF5AD618-4C93-4247-BA8A-117D6B6BA2D1}"
EndProject
Global
	GlobalSection(SolutionConfigurationPlatforms) = preSolution
		Debug|Any CPU = Debug|Any CPU
		Release|Any CPU = Release|Any CPU
	EndGlobalSection
	GlobalSection(ProjectConfigurationPlatforms) = postSolution
		{BF5AD618-4C93-4247-BA8A-117D6B6BA2D1}.Debug|Any CPU.ActiveCfg = Debug|Any CPU
		{BF5AD618-4C93-4247-BA8A-117D6B6BA2D1}.Debug|Any CPU.Build.0 = Debug|Any CPU
		{BF5AD618-4C93-4247-BA8A-117D6B6BA2D1}.Release|Any CPU.ActiveCfg = Release|Any CPU
		{BF5AD618-4C93-4247-BA8A-117D6B6BA2D1}.Release|Any CPU.Build.0 = Release|Any CPU
	EndGlobalSection
	GlobalSection(SolutionProperties) = preSolution
		HideSolutionNode = FALSE
	EndGlobalSection
	GlobalSection(ExtensibilityGlobals) = postSolution
		SolutionGuid = {095C3A96-C55E-488A-9947-18F534CF71CC}
	EndGlobalSection
EndGlobal
